
Microsoft Visual Studio Solution File, Format Version 12.00
# Visual Studio Version 17
VisualStudioVersion = 17.4.33122.133
MinimumVisualStudioVersion = 10.0.40219.1
Project("{FAE04EC0-301F-11D3-BF4B-00C04F79EFBC}") = "DiyanetNamazVakti.Api", "DiyanetNamazVakti.Api\DiyanetNamazVakti.Api.csproj", "{810CB55E-6D42-451F-B99A-F8BBCEA27B78}"
EndProject
Global
	GlobalSection(SolutionConfigurationPlatforms) = preSolution
		Debug|Any CPU = Debug|Any CPU
		Release|Any CPU = Release|Any CPU
	EndGlobalSection
	GlobalSection(ProjectConfigurationPlatforms) = postSolution
		{810CB55E-6D42-451F-B99A-F8BBCEA27B78}.Debug|Any CPU.ActiveCfg = Debug|Any CPU
		{810CB55E-6D42-451F-B99A-F8BBCEA27B78}.Debug|Any CPU.Build.0 = Debug|Any CPU
		{810CB55E-6D42-451F-B99A-F8BBCEA27B78}.Release|Any CPU.ActiveCfg = Release|Any CPU
		{810CB55E-6D42-451F-B99A-F8BBCEA27B78}.Release|Any CPU.Build.0 = Release|Any CPU
	EndGlobalSection
	GlobalSection(SolutionProperties) = preSolution
		HideSolutionNode = FALSE
	EndGlobalSection
	GlobalSection(ExtensibilityGlobals) = postSolution
		SolutionGuid = {0DB8AF86-A6E2-445D-BEEF-BB7CC19DCC89}
	EndGlobalSection
EndGlobal
